
Microsoft Visual Studio Solution File, Format Version 12.00
# Visual Studio Version 16
VisualStudioVersion = 16.0.31911.196
MinimumVisualStudioVersion = 10.0.40219.1
Project("{FAE04EC0-301F-11D3-BF4B-00C04F79EFBC}") = "CPNP_WebAPI_COMP106401", "CPNP_WebAPI_COMP106401\CPNP_WebAPI_COMP106401.csproj", "{9C720E04-D6F5-42D0-8699-85124D993BC1}"
EndProject
Global
	GlobalSection(SolutionConfigurationPlatforms) = preSolution
		Debug|Any CPU = Debug|Any CPU
		Release|Any CPU = Release|Any CPU
	EndGlobalSection
	GlobalSection(ProjectConfigurationPlatforms) = postSolution
		{9C720E04-D6F5-42D0-8699-85124D993BC1}.Debug|Any CPU.ActiveCfg = Debug|Any CPU
		{9C720E04-D6F5-42D0-8699-85124D993BC1}.Debug|Any CPU.Build.0 = Debug|Any CPU
		{9C720E04-D6F5-42D0-8699-85124D993BC1}.Release|Any CPU.ActiveCfg = Release|Any CPU
		{9C720E04-D6F5-42D0-8699-85124D993BC1}.Release|Any CPU.Build.0 = Release|Any CPU
	EndGlobalSection
	GlobalSection(SolutionProperties) = preSolution
		HideSolutionNode = FALSE
	EndGlobalSection
	GlobalSection(ExtensibilityGlobals) = postSolution
		SolutionGuid = {AD884B31-D50F-476E-BAAE-CDB35E7C746F}
	EndGlobalSection
EndGlobal
